
Microsoft Visual Studio Solution File, Format Version 12.00
# Visual Studio 15
VisualStudioVersion = 15.0.26124.0
MinimumVisualStudioVersion = 15.0.26124.0
Project("{2150E333-8FDC-42A3-9474-1A3956D46DE8}") = "src", "src", "{DD0DB197-7DE3-4D26-B65D-30C160B88E4A}"
EndProject
Project("{FAE04EC0-301F-11D3-BF4B-00C04F79EFBC}") = "simplewebapi", "src\simplewebapi\simplewebapi.csproj", "{C3747387-2F3F-478E-A69B-DF03B1177015}"
EndProject
Project("{2150E333-8FDC-42A3-9474-1A3956D46DE8}") = "test", "test", "{3ADFCE45-B854-4888-BCC1-BD37DEC573BC}"
EndProject
Project("{FAE04EC0-301F-11D3-BF4B-00C04F79EFBC}") = "testwebapi", "test\testwebapi\testwebapi.csproj", "{9D13A763-3E1B-4A82-AE73-B6DA45BAEA04}"
EndProject
Global
	GlobalSection(SolutionConfigurationPlatforms) = preSolution
		Debug|Any CPU = Debug|Any CPU
		Debug|x64 = Debug|x64
		Debug|x86 = Debug|x86
		Release|Any CPU = Release|Any CPU
		Release|x64 = Release|x64
		Release|x86 = Release|x86
	EndGlobalSection
	GlobalSection(SolutionProperties) = preSolution
		HideSolutionNode = FALSE
	EndGlobalSection
	GlobalSection(ProjectConfigurationPlatforms) = postSolution
		{C3747387-2F3F-478E-A69B-DF03B1177015}.Debug|Any CPU.ActiveCfg = Debug|Any CPU
		{C3747387-2F3F-478E-A69B-DF03B1177015}.Debug|Any CPU.Build.0 = Debug|Any CPU
		{C3747387-2F3F-478E-A69B-DF03B1177015}.Debug|x64.ActiveCfg = Debug|Any CPU
		{C3747387-2F3F-478E-A69B-DF03B1177015}.Debug|x64.Build.0 = Debug|Any CPU
		{C3747387-2F3F-478E-A69B-DF03B1177015}.Debug|x86.ActiveCfg = Debug|Any CPU
		{C3747387-2F3F-478E-A69B-DF03B1177015}.Debug|x86.Build.0 = Debug|Any CPU
		{C3747387-2F3F-478E-A69B-DF03B1177015}.Release|Any CPU.ActiveCfg = Release|Any CPU
		{C3747387-2F3F-478E-A69B-DF03B1177015}.Release|Any CPU.Build.0 = Release|Any CPU
		{C3747387-2F3F-478E-A69B-DF03B1177015}.Release|x64.ActiveCfg = Release|Any CPU
		{C3747387-2F3F-478E-A69B-DF03B1177015}.Release|x64.Build.0 = Release|Any CPU
		{C3747387-2F3F-478E-A69B-DF03B1177015}.Release|x86.ActiveCfg = Release|Any CPU
		{C3747387-2F3F-478E-A69B-DF03B1177015}.Release|x86.Build.0 = Release|Any CPU
		{9D13A763-3E1B-4A82-AE73-B6DA45BAEA04}.Debug|Any CPU.ActiveCfg = Debug|Any CPU
		{9D13A763-3E1B-4A82-AE73-B6DA45BAEA04}.Debug|Any CPU.Build.0 = Debug|Any CPU
		{9D13A763-3E1B-4A82-AE73-B6DA45BAEA04}.Debug|x64.ActiveCfg = Debug|Any CPU
		{9D13A763-3E1B-4A82-AE73-B6DA45BAEA04}.Debug|x64.Build.0 = Debug|Any CPU
		{9D13A763-3E1B-4A82-AE73-B6DA45BAEA04}.Debug|x86.ActiveCfg = Debug|Any CPU
		{9D13A763-3E1B-4A82-AE73-B6DA45BAEA04}.Debug|x86.Build.0 = Debug|Any CPU
		{9D13A763-3E1B-4A82-AE73-B6DA45BAEA04}.Release|Any CPU.ActiveCfg = Release|Any CPU
		{9D13A763-3E1B-4A82-AE73-B6DA45BAEA04}.Release|Any CPU.Build.0 = Release|Any CPU
		{9D13A763-3E1B-4A82-AE73-B6DA45BAEA04}.Release|x64.ActiveCfg = Release|Any CPU
		{9D13A763-3E1B-4A82-AE73-B6DA45BAEA04}.Release|x64.Build.0 = Release|Any CPU
		{9D13A763-3E1B-4A82-AE73-B6DA45BAEA04}.Release|x86.ActiveCfg = Release|Any CPU
		{9D13A763-3E1B-4A82-AE73-B6DA45BAEA04}.Release|x86.Build.0 = Release|Any CPU
	EndGlobalSection
	GlobalSection(NestedProjects) = preSolution
		{C3747387-2F3F-478E-A69B-DF03B1177015} = {DD0DB197-7DE3-4D26-B65D-30C160B88E4A}
		{9D13A763-3E1B-4A82-AE73-B6DA45BAEA04} = {3ADFCE45-B854-4888-BCC1-BD37DEC573BC}
	EndGlobalSection
EndGlobal
